<?xml version="1.0" encoding="utf-8"?>
<Project ToolsVersion="4.0" xmlns="http://schemas.microsoft.com/developer/msbuild/2003">
  <ItemGroup>
    <Filter Include="소스 파일">
      <UniqueIdentifier>{4FC737F1-C7A5-4376-A066-2A32D752A2FF}</UniqueIdentifier>
      <Extensions>cpp;c;cc;cxx;def;odl;idl;hpj;bat;asm;asmx</Extensions>
    </Filter>
    <Filter Include="헤더 파일">
      <UniqueIdentifier>{93995380-89BD-4b04-88EB-625FBE52EBFB}</UniqueIdentifier>
      <Extensions>h;hh;hpp;hxx;hm;inl;inc;ipp;xsd</Extensions>
    </Filter>
    <Filter Include="리소스 파일">
      <UniqueIdentifier>{67DA6AB6-F800-4c08-8B7A-83BB121AAD01}</UniqueIdentifier>
      <Extensions>rc;ico;cur;bmp;dlg;rc2;rct;bin;rgs;gif;jpg;jpeg;jpe;resx;tiff;tif;png;wav;mfcribbon-ms</Extensions>
    </Filter>
  </ItemGroup>
  <ItemGroup>
    <ClCompile Include="Chapter04.c">
      <Filter>소스 파일</Filter>
    </ClCompile>
    <ClCompile Include="Chapter04_1.c">
      <Filter>소스 파일</Filter>
    </ClCompile>
    <ClCompile Include="Yeje3.c">
      <Filter>소스 파일</Filter>
    </ClCompile>
    <ClCompile Include="buncho.c">
      <Filter>소스 파일</Filter>
    </ClCompile>
    <ClCompile Include="Yeje169.c">
      <Filter>소스 파일</Filter>
    </ClCompile>
    <ClCompile Include="참소스.c">
      <Filter>소스 파일</Filter>
    </ClCompile>
    <ClCompile Include="binary.c">
      <Filter>소스 파일</Filter>
    </ClCompile>
    <ClCompile Include="Yeje220.c">
      <Filter>소스 파일</Filter>
    </ClCompile>
    <ClCompile Include="소스.c">
      <Filter>소스 파일</Filter>
    </ClCompile>
    <ClCompile Include="Yeje258.c">
      <Filter>소스 파일</Filter>
    </ClCompile>
    <ClCompile Include="fhflflflfl.c">
      <Filter>소스 파일</Filter>
    </ClCompile>
    <ClCompile Include="Yeje315.c">
      <Filter>소스 파일</Filter>
    </ClCompile>
    <ClCompile Include="fsafsafsaf소스.c">
      <Filter>소스 파일</Filter>
    </ClCompile>
    <ClCompile Include="tmxj소스.c">
      <Filter>소스 파일</Filter>
    </ClCompile>
    <ClCompile Include="Yeje367.c">
      <Filter>소스 파일</Filter>
    </ClCompile>
    <ClCompile Include="소스24214.c">
      <Filter>소스 파일</Filter>
    </ClCompile>
    <ClCompile Include="하노이.c">
      <Filter>소스 파일</Filter>
    </ClCompile>
    <ClCompile Include="Yeje410.c">
      <Filter>소스 파일</Filter>
    </ClCompile>
    <ClCompile Include="qoduf.c">
      <Filter>소스 파일</Filter>
    </ClCompile>
    <ClCompile Include="wntkdnl.c">
      <Filter>소스 파일</Filter>
    </ClCompile>
    <ClCompile Include="whktjr.c">
      <Filter>소스 파일</Filter>
    </ClCompile>
    <ClCompile Include="Findmin.c">
      <Filter>소스 파일</Filter>
    </ClCompile>
    <ClCompile Include="muun.c">
      <Filter>소스 파일</Filter>
    </ClCompile>
    <ClCompile Include="dkdkfkfkl.c">
      <Filter>소스 파일</Filter>
    </ClCompile>
    <ClCompile Include="Yeje460.c">
      <Filter>소스 파일</Filter>
    </ClCompile>
    <ClCompile Include="Yeje507.c">
      <Filter>소스 파일</Filter>
    </ClCompile>
    <ClCompile Include="Yeje556.c">
      <Filter>소스 파일</Filter>
    </ClCompile>
    <ClCompile Include="Chapter12.c">
      <Filter>소스 파일</Filter>
    </ClCompile>
  </ItemGroup>
</Project>